
Microsoft Visual Studio Solution File, Format Version 12.00
# Visual Studio 2013
VisualStudioVersion = 12.0.21005.1
MinimumVisualStudioVersion = 10.0.40219.1
Project("{F2A71F9B-5D33-465A-A702-920D77279786}") = "digit-classifier", "digit-classifier.fsproj", "{0F4C3586-1CB1-4CB8-9DCD-0C702D7BC220}"
EndProject
Global
	GlobalSection(SolutionConfigurationPlatforms) = preSolution
		Debug|Any CPU = Debug|Any CPU
		Release|Any CPU = Release|Any CPU
	EndGlobalSection
	GlobalSection(ProjectConfigurationPlatforms) = postSolution
		{0F4C3586-1CB1-4CB8-9DCD-0C702D7BC220}.Debug|Any CPU.ActiveCfg = Debug|Any CPU
		{0F4C3586-1CB1-4CB8-9DCD-0C702D7BC220}.Debug|Any CPU.Build.0 = Debug|Any CPU
		{0F4C3586-1CB1-4CB8-9DCD-0C702D7BC220}.Release|Any CPU.ActiveCfg = Release|Any CPU
		{0F4C3586-1CB1-4CB8-9DCD-0C702D7BC220}.Release|Any CPU.Build.0 = Release|Any CPU
	EndGlobalSection
	GlobalSection(SolutionProperties) = preSolution
		HideSolutionNode = FALSE
	EndGlobalSection
EndGlobal
